// !$*UTF8*$!
{
	archiveVersion = 1;
	classes = {
	};
	objectVersion = 50;
	objects = {

/* Begin PBXBuildFile section */
		22FA56A22528C38100495B98 /* AppDelegate.swift in Sources */ = {isa = PBXBuildFile; fileRef = 22FA56A12528C38100495B98 /* AppDelegate.swift */; };
		22FA56A42528C38100495B98 /* SceneDelegate.swift in Sources */ = {isa = PBXBuildFile; fileRef = 22FA56A32528C38100495B98 /* SceneDelegate.swift */; };
		22FA56A62528C38100495B98 /* ContentView.swift in Sources */ = {isa = PBXBuildFile; fileRef = 22FA56A52528C38100495B98 /* ContentView.swift */; };
		22FA56A92528C38100495B98 /* ToDoSwiftUI.xcdatamodeld in Sources */ = {isa = PBXBuildFile; fileRef = 22FA56A72528C38100495B98 /* ToDoSwiftUI.xcdatamodeld */; };
		22FA56AB2528C38300495B98 /* Assets.xcassets in Resources */ = {isa = PBXBuildFile; fileRef = 22FA56AA2528C38300495B98 /* Assets.xcassets */; };
		22FA56AE2528C38300495B98 /* Preview Assets.xcassets in Resources */ = {isa = PBXBuildFile; fileRef = 22FA56AD2528C38300495B98 /* Preview Assets.xcassets */; };
		22FA56B12528C38300495B98 /* LaunchScreen.storyboard in Resources */ = {isa = PBXBuildFile; fileRef = 22FA56AF2528C38300495B98 /* LaunchScreen.storyboard */; };
		22FA56BC2528C38400495B98 /* ToDoSwiftUITests.swift in Sources */ = {isa = PBXBuildFile; fileRef = 22FA56BB2528C38400495B98 /* ToDoSwiftUITests.swift */; };
		22FA56C72528C38400495B98 /* ToDoSwiftUIUITests.swift in Sources */ = {isa = PBXBuildFile; fileRef = 22FA56C62528C38400495B98 /* ToDoSwiftUIUITests.swift */; };
		22FA56EE2528D31C00495B98 /* AppStyling.swift in Sources */ = {isa = PBXBuildFile; fileRef = 22FA56ED2528D31C00495B98 /* AppStyling.swift */; };
		22FA56F82528D3E400495B98 /* CoreDataStorageService.swift in Sources */ = {isa = PBXBuildFile; fileRef = 22FA56F72528D3E400495B98 /* CoreDataStorageService.swift */; };
		22FA56FE2528D44400495B98 /* RemoteStorageService.swift in Sources */ = {isa = PBXBuildFile; fileRef = 22FA56FD2528D44400495B98 /* RemoteStorageService.swift */; };
		22FA57042528D47B00495B98 /* SyncService.swift in Sources */ = {isa = PBXBuildFile; fileRef = 22FA57032528D47B00495B98 /* SyncService.swift */; };
		22FA570A2528D4DA00495B98 /* StorageService.swift in Sources */ = {isa = PBXBuildFile; fileRef = 22FA57092528D4DA00495B98 /* StorageService.swift */; };
		22FA57222528D5D400495B98 /* SecureService.swift in Sources */ = {isa = PBXBuildFile; fileRef = 22FA57212528D5D400495B98 /* SecureService.swift */; };
		22FA572B2528DC6300495B98 /* ConcurrencyAndMultithreading.swift in Sources */ = {isa = PBXBuildFile; fileRef = 22FA572A2528DC6300495B98 /* ConcurrencyAndMultithreading.swift */; };
/* End PBXBuildFile section */

/* Begin PBXContainerItemProxy section */
		22FA56B82528C38400495B98 /* PBXContainerItemProxy */ = {
			isa = PBXContainerItemProxy;
			containerPortal = 22FA56962528C38100495B98 /* Project object */;
			proxyType = 1;
			remoteGlobalIDString = 22FA569D2528C38100495B98;
			remoteInfo = ToDoSwiftUI;
		};
		22FA56C32528C38400495B98 /* PBXContainerItemProxy */ = {
			isa = PBXContainerItemProxy;
			containerPortal = 22FA56962528C38100495B98 /* Project object */;
			proxyType = 1;
			remoteGlobalIDString = 22FA569D2528C38100495B98;
			remoteInfo = ToDoSwiftUI;
		};
/* End PBXContainerItemProxy section */

/* Begin PBXFileReference section */
		22FA569E2528C38100495B98 /* ToDoSwiftUI.app */ = {isa = PBXFileReference; explicitFileType = wrapper.application; includeInIndex = 0; path = ToDoSwiftUI.app; sourceTree = BUILT_PRODUCTS_DIR; };
		22FA56A12528C38100495B98 /* AppDelegate.swift */ = {isa = PBXFileReference; lastKnownFileType = sourcecode.swift; path = AppDelegate.swift; sourceTree = "<group>"; };
		22FA56A32528C38100495B98 /* SceneDelegate.swift */ = {isa = PBXFileReference; lastKnownFileType = sourcecode.swift; path = SceneDelegate.swift; sourceTree = "<group>"; };
		22FA56A52528C38100495B98 /* ContentView.swift */ = {isa = PBXFileReference; lastKnownFileType = sourcecode.swift; path = ContentView.swift; sourceTree = "<group>"; };
		22FA56A82528C38100495B98 /* ToDoSwiftUI.xcdatamodel */ = {isa = PBXFileReference; lastKnownFileType = wrapper.xcdatamodel; path = ToDoSwiftUI.xcdatamodel; sourceTree = "<group>"; };
		22FA56AA2528C38300495B98 /* Assets.xcassets */ = {isa = PBXFileReference; lastKnownFileType = folder.assetcatalog; path = Assets.xcassets; sourceTree = "<group>"; };
		22FA56AD2528C38300495B98 /* Preview Assets.xcassets */ = {isa = PBXFileReference; lastKnownFileType = folder.assetcatalog; path = "Preview Assets.xcassets"; sourceTree = "<group>"; };
		22FA56B02528C38300495B98 /* Base */ = {isa = PBXFileReference; lastKnownFileType = file.storyboard; name = Base; path = Base.lproj/LaunchScreen.storyboard; sourceTree = "<group>"; };
		22FA56B22528C38300495B98 /* Info.plist */ = {isa = PBXFileReference; lastKnownFileType = text.plist.xml; path = Info.plist; sourceTree = "<group>"; };
		22FA56B72528C38400495B98 /* ToDoSwiftUITests.xctest */ = {isa = PBXFileReference; explicitFileType = wrapper.cfbundle; includeInIndex = 0; path = ToDoSwiftUITests.xctest; sourceTree = BUILT_PRODUCTS_DIR; };
		22FA56BB2528C38400495B98 /* ToDoSwiftUITests.swift */ = {isa = PBXFileReference; lastKnownFileType = sourcecode.swift; path = ToDoSwiftUITests.swift; sourceTree = "<group>"; };
		22FA56BD2528C38400495B98 /* Info.plist */ = {isa = PBXFileReference; lastKnownFileType = text.plist.xml; path = Info.plist; sourceTree = "<group>"; };
		22FA56C22528C38400495B98 /* ToDoSwiftUIUITests.xctest */ = {isa = PBXFileReference; explicitFileType = wrapper.cfbundle; includeInIndex = 0; path = ToDoSwiftUIUITests.xctest; sourceTree = BUILT_PRODUCTS_DIR; };
		22FA56C62528C38400495B98 /* ToDoSwiftUIUITests.swift */ = {isa = PBXFileReference; lastKnownFileType = sourcecode.swift; path = ToDoSwiftUIUITests.swift; sourceTree = "<group>"; };
		22FA56C82528C38400495B98 /* Info.plist */ = {isa = PBXFileReference; lastKnownFileType = text.plist.xml; path = Info.plist; sourceTree = "<group>"; };
		22FA56ED2528D31C00495B98 /* AppStyling.swift */ = {isa = PBXFileReference; lastKnownFileType = sourcecode.swift; path = AppStyling.swift; sourceTree = "<group>"; };
		22FA56F72528D3E400495B98 /* CoreDataStorageService.swift */ = {isa = PBXFileReference; lastKnownFileType = sourcecode.swift; path = CoreDataStorageService.swift; sourceTree = "<group>"; };
		22FA56FD2528D44400495B98 /* RemoteStorageService.swift */ = {isa = PBXFileReference; lastKnownFileType = sourcecode.swift; path = RemoteStorageService.swift; sourceTree = "<group>"; };
		22FA57032528D47B00495B98 /* SyncService.swift */ = {isa = PBXFileReference; lastKnownFileType = sourcecode.swift; path = SyncService.swift; sourceTree = "<group>"; };
		22FA57092528D4DA00495B98 /* StorageService.swift */ = {isa = PBXFileReference; lastKnownFileType = sourcecode.swift; path = StorageService.swift; sourceTree = "<group>"; };
		22FA57212528D5D400495B98 /* SecureService.swift */ = {isa = PBXFileReference; lastKnownFileType = sourcecode.swift; path = SecureService.swift; sourceTree = "<group>"; };
		22FA572A2528DC6300495B98 /* ConcurrencyAndMultithreading.swift */ = {isa = PBXFileReference; lastKnownFileType = sourcecode.swift; path = ConcurrencyAndMultithreading.swift; sourceTree = "<group>"; };
/* End PBXFileReference section */

/* Begin PBXFrameworksBuildPhase section */
		22FA569B2528C38100495B98 /* Frameworks */ = {
			isa = PBXFrameworksBuildPhase;
			buildActionMask = 2147483647;
			files = (
			);
			runOnlyForDeploymentPostprocessing = 0;
		};
		22FA56B42528C38400495B98 /* Frameworks */ = {
			isa = PBXFrameworksBuildPhase;
			buildActionMask = 2147483647;
			files = (
			);
			runOnlyForDeploymentPostprocessing = 0;
		};
		22FA56BF2528C38400495B98 /* Frameworks */ = {
			isa = PBXFrameworksBuildPhase;
			buildActionMask = 2147483647;
			files = (
			);
			runOnlyForDeploymentPostprocessing = 0;
		};
/* End PBXFrameworksBuildPhase section */

/* Begin PBXGroup section */
		22FA56952528C38100495B98 = {
			isa = PBXGroup;
			children = (
				22FA56A02528C38100495B98 /* ToDoSwiftUI */,
				22FA56BA2528C38400495B98 /* ToDoSwiftUITests */,
				22FA56C52528C38400495B98 /* ToDoSwiftUIUITests */,
				22FA569F2528C38100495B98 /* Products */,
			);
			sourceTree = "<group>";
		};
		22FA569F2528C38100495B98 /* Products */ = {
			isa = PBXGroup;
			children = (
				22FA569E2528C38100495B98 /* ToDoSwiftUI.app */,
				22FA56B72528C38400495B98 /* ToDoSwiftUITests.xctest */,
				22FA56C22528C38400495B98 /* ToDoSwiftUIUITests.xctest */,
			);
			name = Products;
			sourceTree = "<group>";
		};
		22FA56A02528C38100495B98 /* ToDoSwiftUI */ = {
			isa = PBXGroup;
			children = (
				22FA56F52528D37300495B98 /* Services */,
				22FA56EB2528D30300495B98 /* Utilities */,
				22FA56E62528D2B100495B98 /* CoreData */,
				22FA56E02528D26B00495B98 /* Resources */,
				22FA56A52528C38100495B98 /* ContentView.swift */,
				22FA56AC2528C38300495B98 /* Preview Content */,
			);
			path = ToDoSwiftUI;
			sourceTree = "<group>";
		};
		22FA56AC2528C38300495B98 /* Preview Content */ = {
			isa = PBXGroup;
			children = (
				22FA56AD2528C38300495B98 /* Preview Assets.xcassets */,
			);
			path = "Preview Content";
			sourceTree = "<group>";
		};
		22FA56BA2528C38400495B98 /* ToDoSwiftUITests */ = {
			isa = PBXGroup;
			children = (
				22FA56BB2528C38400495B98 /* ToDoSwiftUITests.swift */,
				22FA56BD2528C38400495B98 /* Info.plist */,
			);
			path = ToDoSwiftUITests;
			sourceTree = "<group>";
		};
		22FA56C52528C38400495B98 /* ToDoSwiftUIUITests */ = {
			isa = PBXGroup;
			children = (
				22FA56C62528C38400495B98 /* ToDoSwiftUIUITests.swift */,
				22FA56C82528C38400495B98 /* Info.plist */,
			);
			path = ToDoSwiftUIUITests;
			sourceTree = "<group>";
		};
		22FA56E02528D26B00495B98 /* Resources */ = {
			isa = PBXGroup;
			children = (
				22FA56E52528D2A500495B98 /* LaunchScreen */,
				22FA56E42528D29A00495B98 /* InfoPlist */,
				22FA56E32528D29100495B98 /* Assets */,
				22FA56E22528D27E00495B98 /* SceneDelegate */,
				22FA56E12528D27600495B98 /* AppDelegate */,
			);
			path = Resources;
			sourceTree = "<group>";
		};
		22FA56E12528D27600495B98 /* AppDelegate */ = {
			isa = PBXGroup;
			children = (
				22FA56A12528C38100495B98 /* AppDelegate.swift */,
			);
			path = AppDelegate;
			sourceTree = "<group>";
		};
		22FA56E22528D27E00495B98 /* SceneDelegate */ = {
			isa = PBXGroup;
			children = (
				22FA56A32528C38100495B98 /* SceneDelegate.swift */,
			);
			path = SceneDelegate;
			sourceTree = "<group>";
		};
		22FA56E32528D29100495B98 /* Assets */ = {
			isa = PBXGroup;
			children = (
				22FA56AA2528C38300495B98 /* Assets.xcassets */,
			);
			path = Assets;
			sourceTree = "<group>";
		};
		22FA56E42528D29A00495B98 /* InfoPlist */ = {
			isa = PBXGroup;
			children = (
				22FA56B22528C38300495B98 /* Info.plist */,
			);
			path = InfoPlist;
			sourceTree = "<group>";
		};
		22FA56E52528D2A500495B98 /* LaunchScreen */ = {
			isa = PBXGroup;
			children = (
				22FA56AF2528C38300495B98 /* LaunchScreen.storyboard */,
			);
			path = LaunchScreen;
			sourceTree = "<group>";
		};
		22FA56E62528D2B100495B98 /* CoreData */ = {
			isa = PBXGroup;
			children = (
				22FA56E72528D2B400495B98 /* Model */,
			);
			path = CoreData;
			sourceTree = "<group>";
		};
		22FA56E72528D2B400495B98 /* Model */ = {
			isa = PBXGroup;
			children = (
				22FA56A72528C38100495B98 /* ToDoSwiftUI.xcdatamodeld */,
			);
			path = Model;
			sourceTree = "<group>";
		};
		22FA56EB2528D30300495B98 /* Utilities */ = {
			isa = PBXGroup;
			children = (
				22FA56EC2528D30D00495B98 /* AppStyling */,
			);
			path = Utilities;
			sourceTree = "<group>";
		};
		22FA56EC2528D30D00495B98 /* AppStyling */ = {
			isa = PBXGroup;
			children = (
				22FA56ED2528D31C00495B98 /* AppStyling.swift */,
			);
			path = AppStyling;
			sourceTree = "<group>";
		};
		22FA56F52528D37300495B98 /* Services */ = {
			isa = PBXGroup;
			children = (
				22FA57262528DC4900495B98 /* ConcurrencyAndMultithreading */,
				22FA57202528D5C600495B98 /* SecureService */,
				22FA57082528D4BD00495B98 /* StorageManager */,
				22FA57022528D46600495B98 /* SyncService */,
				22FA56FC2528D42400495B98 /* RemoteStorageService */,
				22FA56F62528D39200495B98 /* CoreDataStorageService */,
			);
			path = Services;
			sourceTree = "<group>";
		};
		22FA56F62528D39200495B98 /* CoreDataStorageService */ = {
			isa = PBXGroup;
			children = (
				22FA56F72528D3E400495B98 /* CoreDataStorageService.swift */,
			);
			path = CoreDataStorageService;
			sourceTree = "<group>";
		};
		22FA56FC2528D42400495B98 /* RemoteStorageService */ = {
			isa = PBXGroup;
			children = (
				22FA56FD2528D44400495B98 /* RemoteStorageService.swift */,
			);
			path = RemoteStorageService;
			sourceTree = "<group>";
		};
		22FA57022528D46600495B98 /* SyncService */ = {
			isa = PBXGroup;
			children = (
				22FA57032528D47B00495B98 /* SyncService.swift */,
			);
			path = SyncService;
			sourceTree = "<group>";
		};
		22FA57082528D4BD00495B98 /* StorageManager */ = {
			isa = PBXGroup;
			children = (
				22FA57092528D4DA00495B98 /* StorageService.swift */,
			);
			path = StorageManager;
			sourceTree = "<group>";
		};
		22FA57202528D5C600495B98 /* SecureService */ = {
			isa = PBXGroup;
			children = (
				22FA57212528D5D400495B98 /* SecureService.swift */,
			);
			path = SecureService;
			sourceTree = "<group>";
		};
		22FA57262528DC4900495B98 /* ConcurrencyAndMultithreading */ = {
			isa = PBXGroup;
			children = (
				22FA572A2528DC6300495B98 /* ConcurrencyAndMultithreading.swift */,
			);
			path = ConcurrencyAndMultithreading;
			sourceTree = "<group>";
		};
/* End PBXGroup section */

/* Begin PBXNativeTarget section */
		22FA569D2528C38100495B98 /* ToDoSwiftUI */ = {
			isa = PBXNativeTarget;
			buildConfigurationList = 22FA56CB2528C38400495B98 /* Build configuration list for PBXNativeTarget "ToDoSwiftUI" */;
			buildPhases = (
				22FA569A2528C38100495B98 /* Sources */,
				22FA569B2528C38100495B98 /* Frameworks */,
				22FA569C2528C38100495B98 /* Resources */,
			);
			buildRules = (
			);
			dependencies = (
			);
			name = ToDoSwiftUI;
			productName = ToDoSwiftUI;
			productReference = 22FA569E2528C38100495B98 /* ToDoSwiftUI.app */;
			productType = "com.apple.product-type.application";
		};
		22FA56B62528C38400495B98 /* ToDoSwiftUITests */ = {
			isa = PBXNativeTarget;
			buildConfigurationList = 22FA56CE2528C38400495B98 /* Build configuration list for PBXNativeTarget "ToDoSwiftUITests" */;
			buildPhases = (
				22FA56B32528C38400495B98 /* Sources */,
				22FA56B42528C38400495B98 /* Frameworks */,
				22FA56B52528C38400495B98 /* Resources */,
			);
			buildRules = (
			);
			dependencies = (
				22FA56B92528C38400495B98 /* PBXTargetDependency */,
			);
			name = ToDoSwiftUITests;
			productName = ToDoSwiftUITests;
			productReference = 22FA56B72528C38400495B98 /* ToDoSwiftUITests.xctest */;
			productType = "com.apple.product-type.bundle.unit-test";
		};
		22FA56C12528C38400495B98 /* ToDoSwiftUIUITests */ = {
			isa = PBXNativeTarget;
			buildConfigurationList = 22FA56D12528C38400495B98 /* Build configuration list for PBXNativeTarget "ToDoSwiftUIUITests" */;
			buildPhases = (
				22FA56BE2528C38400495B98 /* Sources */,
				22FA56BF2528C38400495B98 /* Frameworks */,
				22FA56C02528C38400495B98 /* Resources */,
			);
			buildRules = (
			);
			dependencies = (
				22FA56C42528C38400495B98 /* PBXTargetDependency */,
			);
			name = ToDoSwiftUIUITests;
			productName = ToDoSwiftUIUITests;
			productReference = 22FA56C22528C38400495B98 /* ToDoSwiftUIUITests.xctest */;
			productType = "com.apple.product-type.bundle.ui-testing";
		};
/* End PBXNativeTarget section */

/* Begin PBXProject section */
		22FA56962528C38100495B98 /* Project object */ = {
			isa = PBXProject;
			attributes = {
				LastSwiftUpdateCheck = 1200;
				LastUpgradeCheck = 1200;
				TargetAttributes = {
					22FA569D2528C38100495B98 = {
						CreatedOnToolsVersion = 12.0.1;
					};
					22FA56B62528C38400495B98 = {
						CreatedOnToolsVersion = 12.0.1;
						TestTargetID = 22FA569D2528C38100495B98;
					};
					22FA56C12528C38400495B98 = {
						CreatedOnToolsVersion = 12.0.1;
						TestTargetID = 22FA569D2528C38100495B98;
					};
				};
			};
			buildConfigurationList = 22FA56992528C38100495B98 /* Build configuration list for PBXProject "ToDoSwiftUI" */;
			compatibilityVersion = "Xcode 9.3";
			developmentRegion = en;
			hasScannedForEncodings = 0;
			knownRegions = (
				en,
				Base,
			);
			mainGroup = 22FA56952528C38100495B98;
			productRefGroup = 22FA569F2528C38100495B98 /* Products */;
			projectDirPath = "";
			projectRoot = "";
			targets = (
				22FA569D2528C38100495B98 /* ToDoSwiftUI */,
				22FA56B62528C38400495B98 /* ToDoSwiftUITests */,
				22FA56C12528C38400495B98 /* ToDoSwiftUIUITests */,
			);
		};
/* End PBXProject section */

/* Begin PBXResourcesBuildPhase section */
		22FA569C2528C38100495B98 /* Resources */ = {
			isa = PBXResourcesBuildPhase;
			buildActionMask = 2147483647;
			files = (
				22FA56B12528C38300495B98 /* LaunchScreen.storyboard in Resources */,
				22FA56AE2528C38300495B98 /* Preview Assets.xcassets in Resources */,
				22FA56AB2528C38300495B98 /* Assets.xcassets in Resources */,
			);
			runOnlyForDeploymentPostprocessing = 0;
		};
		22FA56B52528C38400495B98 /* Resources */ = {
			isa = PBXResourcesBuildPhase;
			buildActionMask = 2147483647;
			files = (
			);
			runOnlyForDeploymentPostprocessing = 0;
		};
		22FA56C02528C38400495B98 /* Resources */ = {
			isa = PBXResourcesBuildPhase;
			buildActionMask = 2147483647;
			files = (
			);
			runOnlyForDeploymentPostprocessing = 0;
		};
/* End PBXResourcesBuildPhase section */

/* Begin PBXSourcesBuildPhase section */
		22FA569A2528C38100495B98 /* Sources */ = {
			isa = PBXSourcesBuildPhase;
			buildActionMask = 2147483647;
			files = (
				22FA57222528D5D400495B98 /* SecureService.swift in Sources */,
				22FA56A22528C38100495B98 /* AppDelegate.swift in Sources */,
				22FA56EE2528D31C00495B98 /* AppStyling.swift in Sources */,
				22FA56A92528C38100495B98 /* ToDoSwiftUI.xcdatamodeld in Sources */,
				22FA570A2528D4DA00495B98 /* StorageService.swift in Sources */,
				22FA56A42528C38100495B98 /* SceneDelegate.swift in Sources */,
				22FA57042528D47B00495B98 /* SyncService.swift in Sources */,
				22FA56F82528D3E400495B98 /* CoreDataStorageService.swift in Sources */,
				22FA56FE2528D44400495B98 /* RemoteStorageService.swift in Sources */,
				22FA56A62528C38100495B98 /* ContentView.swift in Sources */,
				22FA572B2528DC6300495B98 /* ConcurrencyAndMultithreading.swift in Sources */,
			);
			runOnlyForDeploymentPostprocessing = 0;
		};
		22FA56B32528C38400495B98 /* Sources */ = {
			isa = PBXSourcesBuildPhase;
			buildActionMask = 2147483647;
			files = (
				22FA56BC2528C38400495B98 /* ToDoSwiftUITests.swift in Sources */,
			);
			runOnlyForDeploymentPostprocessing = 0;
		};
		22FA56BE2528C38400495B98 /* Sources */ = {
			isa = PBXSourcesBuildPhase;
			buildActionMask = 2147483647;
			files = (
				22FA56C72528C38400495B98 /* ToDoSwiftUIUITests.swift in Sources */,
			);
			runOnlyForDeploymentPostprocessing = 0;
		};
/* End PBXSourcesBuildPhase section */

/* Begin PBXTargetDependency section */
		22FA56B92528C38400495B98 /* PBXTargetDependency */ = {
			isa = PBXTargetDependency;
			target = 22FA569D2528C38100495B98 /* ToDoSwiftUI */;
			targetProxy = 22FA56B82528C38400495B98 /* PBXContainerItemProxy */;
		};
		22FA56C42528C38400495B98 /* PBXTargetDependency */ = {
			isa = PBXTargetDependency;
			target = 22FA569D2528C38100495B98 /* ToDoSwiftUI */;
			targetProxy = 22FA56C32528C38400495B98 /* PBXContainerItemProxy */;
		};
/* End PBXTargetDependency section */

/* Begin PBXVariantGroup section */
		22FA56AF2528C38300495B98 /* LaunchScreen.storyboard */ = {
			isa = PBXVariantGroup;
			children = (
				22FA56B02528C38300495B98 /* Base */,
			);
			name = LaunchScreen.storyboard;
			sourceTree = "<group>";
		};
/* End PBXVariantGroup section */

/* Begin XCBuildConfiguration section */
		22FA56C92528C38400495B98 /* Debug */ = {
			isa = XCBuildConfiguration;
			buildSettings = {
				ALWAYS_SEARCH_USER_PATHS = NO;
				CLANG_ANALYZER_NONNULL = YES;
				CLANG_ANALYZER_NUMBER_OBJECT_CONVERSION = YES_AGGRESSIVE;
				CLANG_CXX_LANGUAGE_STANDARD = "gnu++14";
				CLANG_CXX_LIBRARY = "libc++";
				CLANG_ENABLE_MODULES = YES;
				CLANG_ENABLE_OBJC_ARC = YES;
				CLANG_ENABLE_OBJC_WEAK = YES;
				CLANG_WARN_BLOCK_CAPTURE_AUTORELEASING = YES;
				CLANG_WARN_BOOL_CONVERSION = YES;
				CLANG_WARN_COMMA = YES;
				CLANG_WARN_CONSTANT_CONVERSION = YES;
				CLANG_WARN_DEPRECATED_OBJC_IMPLEMENTATIONS = YES;
				CLANG_WARN_DIRECT_OBJC_ISA_USAGE = YES_ERROR;
				CLANG_WARN_DOCUMENTATION_COMMENTS = YES;
				CLANG_WARN_EMPTY_BODY = YES;
				CLANG_WARN_ENUM_CONVERSION = YES;
				CLANG_WARN_INFINITE_RECURSION = YES;
				CLANG_WARN_INT_CONVERSION = YES;
				CLANG_WARN_NON_LITERAL_NULL_CONVERSION = YES;
				CLANG_WARN_OBJC_IMPLICIT_RETAIN_SELF = YES;
				CLANG_WARN_OBJC_LITERAL_CONVERSION = YES;
				CLANG_WARN_OBJC_ROOT_CLASS = YES_ERROR;
				CLANG_WARN_QUOTED_INCLUDE_IN_FRAMEWORK_HEADER = YES;
				CLANG_WARN_RANGE_LOOP_ANALYSIS = YES;
				CLANG_WARN_STRICT_PROTOTYPES = YES;
				CLANG_WARN_SUSPICIOUS_MOVE = YES;
				CLANG_WARN_UNGUARDED_AVAILABILITY = YES_AGGRESSIVE;
				CLANG_WARN_UNREACHABLE_CODE = YES;
				CLANG_WARN__DUPLICATE_METHOD_MATCH = YES;
				COPY_PHASE_STRIP = NO;
				DEBUG_INFORMATION_FORMAT = dwarf;
				ENABLE_STRICT_OBJC_MSGSEND = YES;
				ENABLE_TESTABILITY = YES;
				GCC_C_LANGUAGE_STANDARD = gnu11;
				GCC_DYNAMIC_NO_PIC = NO;
				GCC_NO_COMMON_BLOCKS = YES;
				GCC_OPTIMIZATION_LEVEL = 0;
				GCC_PREPROCESSOR_DEFINITIONS = (
					"DEBUG=1",
					"$(inherited)",
				);
				GCC_WARN_64_TO_32_BIT_CONVERSION = YES;
				GCC_WARN_ABOUT_RETURN_TYPE = YES_ERROR;
				GCC_WARN_UNDECLARED_SELECTOR = YES;
				GCC_WARN_UNINITIALIZED_AUTOS = YES_AGGRESSIVE;
				GCC_WARN_UNUSED_FUNCTION = YES;
				GCC_WARN_UNUSED_VARIABLE = YES;
				IPHONEOS_DEPLOYMENT_TARGET = 13.0;
				MTL_ENABLE_DEBUG_INFO = INCLUDE_SOURCE;
				MTL_FAST_MATH = YES;
				ONLY_ACTIVE_ARCH = YES;
				SDKROOT = iphoneos;
				SWIFT_ACTIVE_COMPILATION_CONDITIONS = DEBUG;
				SWIFT_OPTIMIZATION_LEVEL = "-Onone";
			};
			name = Debug;
		};
		22FA56CA2528C38400495B98 /* Release */ = {
			isa = XCBuildConfiguration;
			buildSettings = {
				ALWAYS_SEARCH_USER_PATHS = NO;
				CLANG_ANALYZER_NONNULL = YES;
				CLANG_ANALYZER_NUMBER_OBJECT_CONVERSION = YES_AGGRESSIVE;
				CLANG_CXX_LANGUAGE_STANDARD = "gnu++14";
				CLANG_CXX_LIBRARY = "libc++";
				CLANG_ENABLE_MODULES = YES;
				CLANG_ENABLE_OBJC_ARC = YES;
				CLANG_ENABLE_OBJC_WEAK = YES;
				CLANG_WARN_BLOCK_CAPTURE_AUTORELEASING = YES;
				CLANG_WARN_BOOL_CONVERSION = YES;
				CLANG_WARN_COMMA = YES;
				CLANG_WARN_CONSTANT_CONVERSION = YES;
				CLANG_WARN_DEPRECATED_OBJC_IMPLEMENTATIONS = YES;
				CLANG_WARN_DIRECT_OBJC_ISA_USAGE = YES_ERROR;
				CLANG_WARN_DOCUMENTATION_COMMENTS = YES;
				CLANG_WARN_EMPTY_BODY = YES;
				CLANG_WARN_ENUM_CONVERSION = YES;
				CLANG_WARN_INFINITE_RECURSION = YES;
				CLANG_WARN_INT_CONVERSION = YES;
				CLANG_WARN_NON_LITERAL_NULL_CONVERSION = YES;
				CLANG_WARN_OBJC_IMPLICIT_RETAIN_SELF = YES;
				CLANG_WARN_OBJC_LITERAL_CONVERSION = YES;
				CLANG_WARN_OBJC_ROOT_CLASS = YES_ERROR;
				CLANG_WARN_QUOTED_INCLUDE_IN_FRAMEWORK_HEADER = YES;
				CLANG_WARN_RANGE_LOOP_ANALYSIS = YES;
				CLANG_WARN_STRICT_PROTOTYPES = YES;
				CLANG_WARN_SUSPICIOUS_MOVE = YES;
				CLANG_WARN_UNGUARDED_AVAILABILITY = YES_AGGRESSIVE;
				CLANG_WARN_UNREACHABLE_CODE = YES;
				CLANG_WARN__DUPLICATE_METHOD_MATCH = YES;
				COPY_PHASE_STRIP = NO;
				DEBUG_INFORMATION_FORMAT = "dwarf-with-dsym";
				ENABLE_NS_ASSERTIONS = NO;
				ENABLE_STRICT_OBJC_MSGSEND = YES;
				GCC_C_LANGUAGE_STANDARD = gnu11;
				GCC_NO_COMMON_BLOCKS = YES;
				GCC_WARN_64_TO_32_BIT_CONVERSION = YES;
				GCC_WARN_ABOUT_RETURN_TYPE = YES_ERROR;
				GCC_WARN_UNDECLARED_SELECTOR = YES;
				GCC_WARN_UNINITIALIZED_AUTOS = YES_AGGRESSIVE;
				GCC_WARN_UNUSED_FUNCTION = YES;
				GCC_WARN_UNUSED_VARIABLE = YES;
				IPHONEOS_DEPLOYMENT_TARGET = 13.0;
				MTL_ENABLE_DEBUG_INFO = NO;
				MTL_FAST_MATH = YES;
				SDKROOT = iphoneos;
				SWIFT_COMPILATION_MODE = wholemodule;
				SWIFT_OPTIMIZATION_LEVEL = "-O";
				VALIDATE_PRODUCT = YES;
			};
			name = Release;
		};
		22FA56CC2528C38400495B98 /* Debug */ = {
			isa = XCBuildConfiguration;
			buildSettings = {
				ASSETCATALOG_COMPILER_APPICON_NAME = AppIcon;
				ASSETCATALOG_COMPILER_GLOBAL_ACCENT_COLOR_NAME = AccentColor;
				CODE_SIGN_STYLE = Automatic;
				DEVELOPMENT_ASSET_PATHS = "\"ToDoSwiftUI/Preview Content\"";
				DEVELOPMENT_TEAM = URMC99RRR3;
				ENABLE_PREVIEWS = YES;
				INFOPLIST_FILE = ToDoSwiftUI/Resources/InfoPlist/Info.plist;
				IPHONEOS_DEPLOYMENT_TARGET = 13.0;
				LD_RUNPATH_SEARCH_PATHS = (
					"$(inherited)",
					"@executable_path/Frameworks",
				);
				PRODUCT_BUNDLE_IDENTIFIER = com.dcteam.ToDoSwiftUI;
				PRODUCT_NAME = "$(TARGET_NAME)";
				SWIFT_VERSION = 5.0;
				TARGETED_DEVICE_FAMILY = 1;
			};
			name = Debug;
		};
		22FA56CD2528C38400495B98 /* Release */ = {
			isa = XCBuildConfiguration;
			buildSettings = {
				ASSETCATALOG_COMPILER_APPICON_NAME = AppIcon;
				ASSETCATALOG_COMPILER_GLOBAL_ACCENT_COLOR_NAME = AccentColor;
				CODE_SIGN_STYLE = Automatic;
				DEVELOPMENT_ASSET_PATHS = "\"ToDoSwiftUI/Preview Content\"";
				DEVELOPMENT_TEAM = URMC99RRR3;
				ENABLE_PREVIEWS = YES;
				INFOPLIST_FILE = ToDoSwiftUI/Resources/InfoPlist/Info.plist;
				IPHONEOS_DEPLOYMENT_TARGET = 13.0;
				LD_RUNPATH_SEARCH_PATHS = (
					"$(inherited)",
					"@executable_path/Frameworks",
				);
				PRODUCT_BUNDLE_IDENTIFIER = com.dcteam.ToDoSwiftUI;
				PRODUCT_NAME = "$(TARGET_NAME)";
				SWIFT_VERSION = 5.0;
				TARGETED_DEVICE_FAMILY = 1;
			};
			name = Release;
		};
		22FA56CF2528C38400495B98 /* Debug */ = {
			isa = XCBuildConfiguration;
			buildSettings = {
				ALWAYS_EMBED_SWIFT_STANDARD_LIBRARIES = YES;
				BUNDLE_LOADER = "$(TEST_HOST)";
				CODE_SIGN_STYLE = Automatic;
				DEVELOPMENT_TEAM = URMC99RRR3;
				INFOPLIST_FILE = ToDoSwiftUITests/Info.plist;
				IPHONEOS_DEPLOYMENT_TARGET = 14.0;
				LD_RUNPATH_SEARCH_PATHS = (
					"$(inherited)",
					"@executable_path/Frameworks",
					"@loader_path/Frameworks",
				);
				PRODUCT_BUNDLE_IDENTIFIER = com.dcteam.ToDoSwiftUITests;
				PRODUCT_NAME = "$(TARGET_NAME)";
				SWIFT_VERSION = 5.0;
				TARGETED_DEVICE_FAMILY = "1,2";
				TEST_HOST = "$(BUILT_PRODUCTS_DIR)/ToDoSwiftUI.app/ToDoSwiftUI";
			};
			name = Debug;
		};
		22FA56D02528C38400495B98 /* Release */ = {
			isa = XCBuildConfiguration;
			buildSettings = {
				ALWAYS_EMBED_SWIFT_STANDARD_LIBRARIES = YES;
				BUNDLE_LOADER = "$(TEST_HOST)";
				CODE_SIGN_STYLE = Automatic;
				DEVELOPMENT_TEAM = URMC99RRR3;
				INFOPLIST_FILE = ToDoSwiftUITests/Info.plist;
				IPHONEOS_DEPLOYMENT_TARGET = 14.0;
				LD_RUNPATH_SEARCH_PATHS = (
					"$(inherited)",
					"@executable_path/Frameworks",
					"@loader_path/Frameworks",
				);
				PRODUCT_BUNDLE_IDENTIFIER = com.dcteam.ToDoSwiftUITests;
				PRODUCT_NAME = "$(TARGET_NAME)";
				SWIFT_VERSION = 5.0;
				TARGETED_DEVICE_FAMILY = "1,2";
				TEST_HOST = "$(BUILT_PRODUCTS_DIR)/ToDoSwiftUI.app/ToDoSwiftUI";
			};
			name = Release;
		};
		22FA56D22528C38400495B98 /* Debug */ = {
			isa = XCBuildConfiguration;
			buildSettings = {
				ALWAYS_EMBED_SWIFT_STANDARD_LIBRARIES = YES;
				CODE_SIGN_STYLE = Automatic;
				DEVELOPMENT_TEAM = URMC99RRR3;
				INFOPLIST_FILE = ToDoSwiftUIUITests/Info.plist;
				LD_RUNPATH_SEARCH_PATHS = (
					"$(inherited)",
					"@executable_path/Frameworks",
					"@loader_path/Frameworks",
				);
				PRODUCT_BUNDLE_IDENTIFIER = com.dcteam.ToDoSwiftUIUITests;
				PRODUCT_NAME = "$(TARGET_NAME)";
				SWIFT_VERSION = 5.0;
				TARGETED_DEVICE_FAMILY = "1,2";
				TEST_TARGET_NAME = ToDoSwiftUI;
			};
			name = Debug;
		};
		22FA56D32528C38400495B98 /* Release */ = {
			isa = XCBuildConfiguration;
			buildSettings = {
				ALWAYS_EMBED_SWIFT_STANDARD_LIBRARIES = YES;
				CODE_SIGN_STYLE = Automatic;
				DEVELOPMENT_TEAM = URMC99RRR3;
				INFOPLIST_FILE = ToDoSwiftUIUITests/Info.plist;
				LD_RUNPATH_SEARCH_PATHS = (
					"$(inherited)",
					"@executable_path/Frameworks",
					"@loader_path/Frameworks",
				);
				PRODUCT_BUNDLE_IDENTIFIER = com.dcteam.ToDoSwiftUIUITests;
				PRODUCT_NAME = "$(TARGET_NAME)";
				SWIFT_VERSION = 5.0;
				TARGETED_DEVICE_FAMILY = "1,2";
				TEST_TARGET_NAME = ToDoSwiftUI;
			};
			name = Release;
		};
/* End XCBuildConfiguration section */

/* Begin XCConfigurationList section */
		22FA56992528C38100495B98 /* Build configuration list for PBXProject "ToDoSwiftUI" */ = {
			isa = XCConfigurationList;
			buildConfigurations = (
				22FA56C92528C38400495B98 /* Debug */,
				22FA56CA2528C38400495B98 /* Release */,
			);
			defaultConfigurationIsVisible = 0;
			defaultConfigurationName = Release;
		};
		22FA56CB2528C38400495B98 /* Build configuration list for PBXNativeTarget "ToDoSwiftUI" */ = {
			isa = XCConfigurationList;
			buildConfigurations = (
				22FA56CC2528C38400495B98 /* Debug */,
				22FA56CD2528C38400495B98 /* Release */,
			);
			defaultConfigurationIsVisible = 0;
			defaultConfigurationName = Release;
		};
		22FA56CE2528C38400495B98 /* Build configuration list for PBXNativeTarget "ToDoSwiftUITests" */ = {
			isa = XCConfigurationList;
			buildConfigurations = (
				22FA56CF2528C38400495B98 /* Debug */,
				22FA56D02528C38400495B98 /* Release */,
			);
			defaultConfigurationIsVisible = 0;
			defaultConfigurationName = Release;
		};
		22FA56D12528C38400495B98 /* Build configuration list for PBXNativeTarget "ToDoSwiftUIUITests" */ = {
			isa = XCConfigurationList;
			buildConfigurations = (
				22FA56D22528C38400495B98 /* Debug */,
				22FA56D32528C38400495B98 /* Release */,
			);
			defaultConfigurationIsVisible = 0;
			defaultConfigurationName = Release;
		};
/* End XCConfigurationList section */

/* Begin XCVersionGroup section */
		22FA56A72528C38100495B98 /* ToDoSwiftUI.xcdatamodeld */ = {
			isa = XCVersionGroup;
			children = (
				22FA56A82528C38100495B98 /* ToDoSwiftUI.xcdatamodel */,
			);
			currentVersion = 22FA56A82528C38100495B98 /* ToDoSwiftUI.xcdatamodel */;
			path = ToDoSwiftUI.xcdatamodeld;
			sourceTree = "<group>";
			versionGroupType = wrapper.xcdatamodel;
		};
/* End XCVersionGroup section */
	};
	rootObject = 22FA56962528C38100495B98 /* Project object */;
}
